{
  "name": "@sumitbhuia/medium_common",
  "version": "2.0.2",
  "lockfileVersion": 3,
  "requires": true,
  "packages": {
    "": {
      "name": "@sumitbhuia/medium_common",
      "version": "2.0.2",
      "license": "ISC",
      "dependencies": {
        "@sumitbhuia/medium_common": "^2.0.1",
        "typescript": "^5.5.3",
        "zod": "^3.23.8"
      }
    },
    "node_modules/@sumitbhuia/medium_common": {
      "version": "2.0.1",
      "resolved": "https://registry.npmjs.org/@sumitbhuia/medium_common/-/medium_common-2.0.1.tgz",
      "integrity": "sha512-Mbb4HHZX1tekmFvbnU4smwW8LPJzjc4w/om0zr6KSwZh9mBYLm8oajRwZ1rbTTZM+q32eGyTKhiz0rf4RjcsmA==",
      "dependencies": {
        "typescript": "^5.5.3",
        "zod": "^3.23.8"
      }
    },
    "node_modules/typescript": {
      "version": "5.8.3",
      "resolved": "https://registry.npmjs.org/typescript/-/typescript-5.8.3.tgz",
      "integrity": "sha512-p1diW6TqL9L07nNxvRMM7hMMw4c5XOo/1ibL4aAIGmSAt9slTE1Xgw5KWuof2uTOvCg9BY7ZRi+GaF+7sfgPeQ==",
      "bin": {
        "tsc": "bin/tsc",
        "tsserver": "bin/tsserver"
      },
      "engines": {
        "node": ">=14.17"
      }
    },
    "node_modules/zod": {
      "version": "3.24.4",
      "resolved": "https://registry.npmjs.org/zod/-/zod-3.24.4.tgz",
      "integrity": "sha512-OdqJE9UDRPwWsrHjLN2F8bPxvwJBK22EHLWtanu0LSYr5YqzsaaW3RMgmjwr8Rypg5k+meEJdSPXJZXE/yqOMg==",
      "funding": {
        "url": "https://github.com/sponsors/colinhacks"
      }
    }
  }
}
